
Microsoft Visual Studio Solution File, Format Version 12.00
# Visual Studio 15
VisualStudioVersion = 15.0.28307.779
MinimumVisualStudioVersion = 10.0.40219.1
Project("{11A8DD76-328B-46DF-9F39-F559912D0360}") = "ESP32_OneWire", "ESP32_OneWire\ESP32_OneWire.nfproj", "{54488483-BD7D-41A2-9AE6-488E28C427B2}"
EndProject
Global
	GlobalSection(SolutionConfigurationPlatforms) = preSolution
		Debug|Any CPU = Debug|Any CPU
		Release|Any CPU = Release|Any CPU
	EndGlobalSection
	GlobalSection(ProjectConfigurationPlatforms) = postSolution
		{54488483-BD7D-41A2-9AE6-488E28C427B2}.Debug|Any CPU.ActiveCfg = Debug|Any CPU
		{54488483-BD7D-41A2-9AE6-488E28C427B2}.Debug|Any CPU.Build.0 = Debug|Any CPU
		{54488483-BD7D-41A2-9AE6-488E28C427B2}.Debug|Any CPU.Deploy.0 = Debug|Any CPU
		{54488483-BD7D-41A2-9AE6-488E28C427B2}.Release|Any CPU.ActiveCfg = Release|Any CPU
		{54488483-BD7D-41A2-9AE6-488E28C427B2}.Release|Any CPU.Build.0 = Release|Any CPU
		{54488483-BD7D-41A2-9AE6-488E28C427B2}.Release|Any CPU.Deploy.0 = Release|Any CPU
	EndGlobalSection
	GlobalSection(SolutionProperties) = preSolution
		HideSolutionNode = FALSE
	EndGlobalSection
	GlobalSection(ExtensibilityGlobals) = postSolution
		SolutionGuid = {247126D7-A74A-43B5-9063-59C68E0113F3}
	EndGlobalSection
EndGlobal
